
Microsoft Visual Studio Solution File, Format Version 12.00
# Visual Studio Version 17
VisualStudioVersion = 17.9.34622.214
MinimumVisualStudioVersion = 10.0.40219.1
Project("{FAE04EC0-301F-11D3-BF4B-00C04F79EFBC}") = "Laborator_02", "Laborator_02.csproj", "{1A9F8B18-836E-447D-89EA-68BF57E7487B}"
EndProject
Global
	GlobalSection(SolutionConfigurationPlatforms) = preSolution
		Debug|Any CPU = Debug|Any CPU
		Release|Any CPU = Release|Any CPU
	EndGlobalSection
	GlobalSection(ProjectConfigurationPlatforms) = postSolution
		{1A9F8B18-836E-447D-89EA-68BF57E7487B}.Debug|Any CPU.ActiveCfg = Debug|Any CPU
		{1A9F8B18-836E-447D-89EA-68BF57E7487B}.Debug|Any CPU.Build.0 = Debug|Any CPU
		{1A9F8B18-836E-447D-89EA-68BF57E7487B}.Release|Any CPU.ActiveCfg = Release|Any CPU
		{1A9F8B18-836E-447D-89EA-68BF57E7487B}.Release|Any CPU.Build.0 = Release|Any CPU
	EndGlobalSection
	GlobalSection(SolutionProperties) = preSolution
		HideSolutionNode = FALSE
	EndGlobalSection
	GlobalSection(ExtensibilityGlobals) = postSolution
		SolutionGuid = {B2533817-0B61-4B7C-9180-C77B3AF1D9A1}
	EndGlobalSection
EndGlobal
