
Microsoft Visual Studio Solution File, Format Version 12.00
# Visual Studio Version 17
VisualStudioVersion = 17.9.34622.214
MinimumVisualStudioVersion = 10.0.40219.1
Project("{FAE04EC0-301F-11D3-BF4B-00C04F79EFBC}") = "Laborator_03", "Laborator_03.csproj", "{A3EA0D11-75E5-4ACE-B52C-251BDB2A9531}"
EndProject
Global
	GlobalSection(SolutionConfigurationPlatforms) = preSolution
		Debug|Any CPU = Debug|Any CPU
		Release|Any CPU = Release|Any CPU
	EndGlobalSection
	GlobalSection(ProjectConfigurationPlatforms) = postSolution
		{A3EA0D11-75E5-4ACE-B52C-251BDB2A9531}.Debug|Any CPU.ActiveCfg = Debug|Any CPU
		{A3EA0D11-75E5-4ACE-B52C-251BDB2A9531}.Debug|Any CPU.Build.0 = Debug|Any CPU
		{A3EA0D11-75E5-4ACE-B52C-251BDB2A9531}.Release|Any CPU.ActiveCfg = Release|Any CPU
		{A3EA0D11-75E5-4ACE-B52C-251BDB2A9531}.Release|Any CPU.Build.0 = Release|Any CPU
	EndGlobalSection
	GlobalSection(SolutionProperties) = preSolution
		HideSolutionNode = FALSE
	EndGlobalSection
	GlobalSection(ExtensibilityGlobals) = postSolution
		SolutionGuid = {F832BDE5-A9B3-4D73-8F60-3CCC51207A14}
	EndGlobalSection
EndGlobal
